{
    "_readme": [
        "This file locks the dependencies of your project to a known state",
        "Read more about it at https://getcomposer.org/doc/01-basic-usage.md#installing-dependencies",
        "This file is @generated automatically"
    ],
    "content-hash": "ce75c6ccb83a3b32ff80ec6d34381cc7",
    "packages": [],
    "packages-dev": [
        {
            "name": "phpstan/phpstan",
            "version": "2.1.31",
            "dist": {
                "type": "zip",
                "url": "https://api.github.com/repos/phpstan/phpstan/zipball/ead89849d879fe203ce9292c6ef5e7e76f867b96",
                "reference": "ead89849d879fe203ce9292c6ef5e7e76f867b96",
                "shasum": ""
            },
            "require": {
                "php": "^7.4|^8.0"
            },
            "conflict": {
                "phpstan/phpstan-shim": "*"
            },
            "bin": [
                "phpstan",
                "phpstan.phar"
            ],
            "type": "library",
            "autoload": {
                "files": [
                    "bootstrap.php"
                ]
            },
            "notification-url": "https://packagist.org/downloads/",
            "license": [
                "MIT"
            ],
            "description": "PHPStan - PHP Static Analysis Tool",
            "keywords": [
                "dev",
                "static analysis"
            ],
            "support": {
                "docs": "https://phpstan.org/user-guide/getting-started",
                "forum": "https://github.com/phpstan/phpstan/discussions",
                "issues": "https://github.com/phpstan/phpstan/issues",
                "security": "https://github.com/phpstan/phpstan/security/policy",
                "source": "https://github.com/phpstan/phpstan-src"
            },
            "funding": [
                {
                    "url": "https://github.com/ondrejmirtes",
                    "type": "github"
                },
                {
                    "url": "https://github.com/phpstan",
                    "type": "github"
                }
            ],
            "time": "2025-10-10T14:14:11+00:00"
        },
        {
            "name": "rector/rector",
            "version": "2.2.7",
            "source": {
                "type": "git",
                "url": "https://github.com/rectorphp/rector.git",
                "reference": "022038537838bc8a4e526af86c2d6e38eaeff7ef"
            },
            "dist": {
                "type": "zip",
                "url": "https://api.github.com/repos/rectorphp/rector/zipball/022038537838bc8a4e526af86c2d6e38eaeff7ef",
                "reference": "022038537838bc8a4e526af86c2d6e38eaeff7ef",
                "shasum": ""
            },
            "require": {
                "php": "^7.4|^8.0",
                "phpstan/phpstan": "^2.1.26"
            },
            "conflict": {
                "rector/rector-doctrine": "*",
                "rector/rector-downgrade-php": "*",
                "rector/rector-phpunit": "*",
                "rector/rector-symfony": "*"
            },
            "suggest": {
                "ext-dom": "To manipulate phpunit.xml via the custom-rule command"
            },
            "bin": [
                "bin/rector"
            ],
            "type": "library",
            "autoload": {
                "files": [
                    "bootstrap.php"
                ]
            },
            "notification-url": "https://packagist.org/downloads/",
            "license": [
                "MIT"
            ],
            "description": "Instant Upgrade and Automated Refactoring of any PHP code",
            "homepage": "https://getrector.com/",
            "keywords": [
                "automation",
                "dev",
                "migration",
                "refactoring"
            ],
            "support": {
                "issues": "https://github.com/rectorphp/rector/issues",
                "source": "https://github.com/rectorphp/rector/tree/2.2.7"
            },
            "funding": [
                {
                    "url": "https://github.com/tomasvotruba",
                    "type": "github"
                }
            ],
            "time": "2025-10-29T15:46:12+00:00"
        },
        {
            "name": "squizlabs/php_codesniffer",
            "version": "4.0.0",
            "source": {
                "type": "git",
                "url": "https://github.com/PHPCSStandards/PHP_CodeSniffer.git",
                "reference": "06113cfdaf117fc2165f9cd040bd0f17fcd5242d"
            },
            "dist": {
                "type": "zip",
                "url": "https://api.github.com/repos/PHPCSStandards/PHP_CodeSniffer/zipball/06113cfdaf117fc2165f9cd040bd0f17fcd5242d",
                "reference": "06113cfdaf117fc2165f9cd040bd0f17fcd5242d",
                "shasum": ""
            },
            "require": {
                "ext-simplexml": "*",
                "ext-tokenizer": "*",
                "ext-xmlwriter": "*",
                "php": ">=7.2.0"
            },
            "require-dev": {
                "phpunit/phpunit": "^8.4.0 || ^9.3.4 || ^10.5.32 || 11.3.3 - 11.5.28 || ^11.5.31"
            },
            "bin": [
                "bin/phpcbf",
                "bin/phpcs"
            ],
            "type": "library",
            "notification-url": "https://packagist.org/downloads/",
            "license": [
                "BSD-3-Clause"
            ],
            "authors": [
                {
                    "name": "Greg Sherwood",
                    "role": "Former lead"
                },
                {
                    "name": "Juliette Reinders Folmer",
                    "role": "Current lead"
                },
                {
                    "name": "Contributors",
                    "homepage": "https://github.com/PHPCSStandards/PHP_CodeSniffer/graphs/contributors"
                }
            ],
            "description": "PHP_CodeSniffer tokenizes PHP files and detects violations of a defined set of coding standards.",
            "homepage": "https://github.com/PHPCSStandards/PHP_CodeSniffer",
            "keywords": [
                "phpcs",
                "standards",
                "static analysis"
            ],
            "support": {
                "issues": "https://github.com/PHPCSStandards/PHP_CodeSniffer/issues",
                "security": "https://github.com/PHPCSStandards/PHP_CodeSniffer/security/policy",
                "source": "https://github.com/PHPCSStandards/PHP_CodeSniffer",
                "wiki": "https://github.com/PHPCSStandards/PHP_CodeSniffer/wiki"
            },
            "funding": [
                {
                    "url": "https://github.com/PHPCSStandards",
                    "type": "github"
                },
                {
                    "url": "https://github.com/jrfnl",
                    "type": "github"
                },
                {
                    "url": "https://opencollective.com/php_codesniffer",
                    "type": "open_collective"
                },
                {
                    "url": "https://thanks.dev/u/gh/phpcsstandards",
                    "type": "thanks_dev"
                }
            ],
            "time": "2025-09-15T11:28:58+00:00"
        }
    ],
    "aliases": [],
    "minimum-stability": "stable",
    "stability-flags": {},
    "prefer-stable": true,
    "prefer-lowest": false,
    "platform": {
        "php": ">=8.0"
    },
    "platform-dev": {},
    "plugin-api-version": "2.6.0"
}
